
Microsoft Visual Studio Solution File, Format Version 12.00
# Visual Studio 14
VisualStudioVersion = 14.0.25420.1
MinimumVisualStudioVersion = 10.0.40219.1
Project("{FAE04EC0-301F-11D3-BF4B-00C04F79EFBC}") = "LoopTask1", "LoopTask1\LoopTask1.csproj", "{35C0E3AC-A7B6-40D9-A3BF-E859225CE85D}"
EndProject
Project("{FAE04EC0-301F-11D3-BF4B-00C04F79EFBC}") = "LoopTask2", "LoopTask2\LoopTask2.csproj", "{02BEE0D9-6AD1-413D-94AD-81005ADA14E3}"
EndProject
Project("{FAE04EC0-301F-11D3-BF4B-00C04F79EFBC}") = "LoopTask3", "LoopTask3\LoopTask3.csproj", "{08A8DDA9-2112-4F9B-9BE5-0A8D0B0D34D2}"
EndProject
Project("{FAE04EC0-301F-11D3-BF4B-00C04F79EFBC}") = "LoopTask4", "LoopTask4\LoopTask4.csproj", "{87B5293B-B6B1-47EC-8C56-993A3287FB85}"
EndProject
Project("{FAE04EC0-301F-11D3-BF4B-00C04F79EFBC}") = "LoopTask5", "LoopTask5\LoopTask5.csproj", "{2309E1FD-25E3-4194-B254-F13701BAC122}"
EndProject
Project("{FAE04EC0-301F-11D3-BF4B-00C04F79EFBC}") = "LoopTask6", "LoopTask6\LoopTask6.csproj", "{E5DB511F-B6C1-4F81-9FCF-F51768FAE170}"
EndProject
Project("{FAE04EC0-301F-11D3-BF4B-00C04F79EFBC}") = "LoopTask7", "LoopTask7\LoopTask7.csproj", "{B4872D1A-A388-4E11-9D2C-FD46F572EBFF}"
EndProject
Project("{FAE04EC0-301F-11D3-BF4B-00C04F79EFBC}") = "LoopTask8", "LoopTask8\LoopTask8.csproj", "{689827AA-4A74-4296-8409-5112D600B01C}"
EndProject
Project("{FAE04EC0-301F-11D3-BF4B-00C04F79EFBC}") = "LoopTask9", "LoopTask9\LoopTask9.csproj", "{81FFCAD6-B83B-4884-B92C-96C7F710FE5C}"
EndProject
Project("{FAE04EC0-301F-11D3-BF4B-00C04F79EFBC}") = "LoopTask10", "LoopTask10\LoopTask10.csproj", "{174EA547-B749-436B-9AD3-F12D37A1FAE5}"
EndProject
Project("{FAE04EC0-301F-11D3-BF4B-00C04F79EFBC}") = "LoopTask11", "LoopTask11\LoopTask11.csproj", "{C5351ED4-6AC3-47F0-8E5A-8710F57A96B5}"
EndProject
Global
	GlobalSection(SolutionConfigurationPlatforms) = preSolution
		Debug|Any CPU = Debug|Any CPU
		Release|Any CPU = Release|Any CPU
	EndGlobalSection
	GlobalSection(ProjectConfigurationPlatforms) = postSolution
		{35C0E3AC-A7B6-40D9-A3BF-E859225CE85D}.Debug|Any CPU.ActiveCfg = Debug|Any CPU
		{35C0E3AC-A7B6-40D9-A3BF-E859225CE85D}.Debug|Any CPU.Build.0 = Debug|Any CPU
		{35C0E3AC-A7B6-40D9-A3BF-E859225CE85D}.Release|Any CPU.ActiveCfg = Release|Any CPU
		{35C0E3AC-A7B6-40D9-A3BF-E859225CE85D}.Release|Any CPU.Build.0 = Release|Any CPU
		{02BEE0D9-6AD1-413D-94AD-81005ADA14E3}.Debug|Any CPU.ActiveCfg = Debug|Any CPU
		{02BEE0D9-6AD1-413D-94AD-81005ADA14E3}.Debug|Any CPU.Build.0 = Debug|Any CPU
		{02BEE0D9-6AD1-413D-94AD-81005ADA14E3}.Release|Any CPU.ActiveCfg = Release|Any CPU
		{02BEE0D9-6AD1-413D-94AD-81005ADA14E3}.Release|Any CPU.Build.0 = Release|Any CPU
		{08A8DDA9-2112-4F9B-9BE5-0A8D0B0D34D2}.Debug|Any CPU.ActiveCfg = Debug|Any CPU
		{08A8DDA9-2112-4F9B-9BE5-0A8D0B0D34D2}.Debug|Any CPU.Build.0 = Debug|Any CPU
		{08A8DDA9-2112-4F9B-9BE5-0A8D0B0D34D2}.Release|Any CPU.ActiveCfg = Release|Any CPU
		{08A8DDA9-2112-4F9B-9BE5-0A8D0B0D34D2}.Release|Any CPU.Build.0 = Release|Any CPU
		{87B5293B-B6B1-47EC-8C56-993A3287FB85}.Debug|Any CPU.ActiveCfg = Debug|Any CPU
		{87B5293B-B6B1-47EC-8C56-993A3287FB85}.Debug|Any CPU.Build.0 = Debug|Any CPU
		{87B5293B-B6B1-47EC-8C56-993A3287FB85}.Release|Any CPU.ActiveCfg = Release|Any CPU
		{87B5293B-B6B1-47EC-8C56-993A3287FB85}.Release|Any CPU.Build.0 = Release|Any CPU
		{2309E1FD-25E3-4194-B254-F13701BAC122}.Debug|Any CPU.ActiveCfg = Debug|Any CPU
		{2309E1FD-25E3-4194-B254-F13701BAC122}.Debug|Any CPU.Build.0 = Debug|Any CPU
		{2309E1FD-25E3-4194-B254-F13701BAC122}.Release|Any CPU.ActiveCfg = Release|Any CPU
		{2309E1FD-25E3-4194-B254-F13701BAC122}.Release|Any CPU.Build.0 = Release|Any CPU
		{E5DB511F-B6C1-4F81-9FCF-F51768FAE170}.Debug|Any CPU.ActiveCfg = Debug|Any CPU
		{E5DB511F-B6C1-4F81-9FCF-F51768FAE170}.Debug|Any CPU.Build.0 = Debug|Any CPU
		{E5DB511F-B6C1-4F81-9FCF-F51768FAE170}.Release|Any CPU.ActiveCfg = Release|Any CPU
		{E5DB511F-B6C1-4F81-9FCF-F51768FAE170}.Release|Any CPU.Build.0 = Release|Any CPU
		{B4872D1A-A388-4E11-9D2C-FD46F572EBFF}.Debug|Any CPU.ActiveCfg = Debug|Any CPU
		{B4872D1A-A388-4E11-9D2C-FD46F572EBFF}.Debug|Any CPU.Build.0 = Debug|Any CPU
		{B4872D1A-A388-4E11-9D2C-FD46F572EBFF}.Release|Any CPU.ActiveCfg = Release|Any CPU
		{B4872D1A-A388-4E11-9D2C-FD46F572EBFF}.Release|Any CPU.Build.0 = Release|Any CPU
		{689827AA-4A74-4296-8409-5112D600B01C}.Debug|Any CPU.ActiveCfg = Debug|Any CPU
		{689827AA-4A74-4296-8409-5112D600B01C}.Debug|Any CPU.Build.0 = Debug|Any CPU
		{689827AA-4A74-4296-8409-5112D600B01C}.Release|Any CPU.ActiveCfg = Release|Any CPU
		{689827AA-4A74-4296-8409-5112D600B01C}.Release|Any CPU.Build.0 = Release|Any CPU
		{81FFCAD6-B83B-4884-B92C-96C7F710FE5C}.Debug|Any CPU.ActiveCfg = Debug|Any CPU
		{81FFCAD6-B83B-4884-B92C-96C7F710FE5C}.Debug|Any CPU.Build.0 = Debug|Any CPU
		{81FFCAD6-B83B-4884-B92C-96C7F710FE5C}.Release|Any CPU.ActiveCfg = Release|Any CPU
		{81FFCAD6-B83B-4884-B92C-96C7F710FE5C}.Release|Any CPU.Build.0 = Release|Any CPU
		{174EA547-B749-436B-9AD3-F12D37A1FAE5}.Debug|Any CPU.ActiveCfg = Debug|Any CPU
		{174EA547-B749-436B-9AD3-F12D37A1FAE5}.Debug|Any CPU.Build.0 = Debug|Any CPU
		{174EA547-B749-436B-9AD3-F12D37A1FAE5}.Release|Any CPU.ActiveCfg = Release|Any CPU
		{174EA547-B749-436B-9AD3-F12D37A1FAE5}.Release|Any CPU.Build.0 = Release|Any CPU
		{C5351ED4-6AC3-47F0-8E5A-8710F57A96B5}.Debug|Any CPU.ActiveCfg = Debug|Any CPU
		{C5351ED4-6AC3-47F0-8E5A-8710F57A96B5}.Debug|Any CPU.Build.0 = Debug|Any CPU
		{C5351ED4-6AC3-47F0-8E5A-8710F57A96B5}.Release|Any CPU.ActiveCfg = Release|Any CPU
		{C5351ED4-6AC3-47F0-8E5A-8710F57A96B5}.Release|Any CPU.Build.0 = Release|Any CPU
	EndGlobalSection
	GlobalSection(SolutionProperties) = preSolution
		HideSolutionNode = FALSE
	EndGlobalSection
EndGlobal
