
Microsoft Visual Studio Solution File, Format Version 12.00
# Visual Studio 14
VisualStudioVersion = 14.0.25420.1
MinimumVisualStudioVersion = 10.0.40219.1
Project("{FAE04EC0-301F-11D3-BF4B-00C04F79EFBC}") = "if-tasks", "if-tasks\if-tasks.csproj", "{58D3128A-BCCA-40DD-BEFD-16634BFE7C94}"
EndProject
Project("{FAE04EC0-301F-11D3-BF4B-00C04F79EFBC}") = "if-task-nro1", "if-task-nro1\if-task-nro1.csproj", "{A4CEA19E-40F7-43D9-BACD-162F9587BF59}"
EndProject
Project("{FAE04EC0-301F-11D3-BF4B-00C04F79EFBC}") = "if-task-nro2", "if-task-nro2\if-task-nro2.csproj", "{90BB91E9-3833-4A28-92A6-6F3FFFF6B849}"
EndProject
Project("{FAE04EC0-301F-11D3-BF4B-00C04F79EFBC}") = "if-task-nro3", "if-task-nro3\if-task-nro3.csproj", "{A840C371-F7C3-46C8-9206-EC02E1E623F4}"
EndProject
Project("{FAE04EC0-301F-11D3-BF4B-00C04F79EFBC}") = "if-task-nro4", "if-task-nro4\if-task-nro4.csproj", "{FE09C316-9375-4A2A-8C6C-41062093845E}"
EndProject
Project("{FAE04EC0-301F-11D3-BF4B-00C04F79EFBC}") = "if-task-nro5", "if-task-nro5\if-task-nro5.csproj", "{EFDCCC22-2EAE-4FC6-9849-D00A19A26B54}"
EndProject
Global
	GlobalSection(SolutionConfigurationPlatforms) = preSolution
		Debug|Any CPU = Debug|Any CPU
		Release|Any CPU = Release|Any CPU
	EndGlobalSection
	GlobalSection(ProjectConfigurationPlatforms) = postSolution
		{58D3128A-BCCA-40DD-BEFD-16634BFE7C94}.Debug|Any CPU.ActiveCfg = Debug|Any CPU
		{58D3128A-BCCA-40DD-BEFD-16634BFE7C94}.Debug|Any CPU.Build.0 = Debug|Any CPU
		{58D3128A-BCCA-40DD-BEFD-16634BFE7C94}.Release|Any CPU.ActiveCfg = Release|Any CPU
		{58D3128A-BCCA-40DD-BEFD-16634BFE7C94}.Release|Any CPU.Build.0 = Release|Any CPU
		{A4CEA19E-40F7-43D9-BACD-162F9587BF59}.Debug|Any CPU.ActiveCfg = Debug|Any CPU
		{A4CEA19E-40F7-43D9-BACD-162F9587BF59}.Debug|Any CPU.Build.0 = Debug|Any CPU
		{A4CEA19E-40F7-43D9-BACD-162F9587BF59}.Release|Any CPU.ActiveCfg = Release|Any CPU
		{A4CEA19E-40F7-43D9-BACD-162F9587BF59}.Release|Any CPU.Build.0 = Release|Any CPU
		{90BB91E9-3833-4A28-92A6-6F3FFFF6B849}.Debug|Any CPU.ActiveCfg = Debug|Any CPU
		{90BB91E9-3833-4A28-92A6-6F3FFFF6B849}.Debug|Any CPU.Build.0 = Debug|Any CPU
		{90BB91E9-3833-4A28-92A6-6F3FFFF6B849}.Release|Any CPU.ActiveCfg = Release|Any CPU
		{90BB91E9-3833-4A28-92A6-6F3FFFF6B849}.Release|Any CPU.Build.0 = Release|Any CPU
		{A840C371-F7C3-46C8-9206-EC02E1E623F4}.Debug|Any CPU.ActiveCfg = Debug|Any CPU
		{A840C371-F7C3-46C8-9206-EC02E1E623F4}.Debug|Any CPU.Build.0 = Debug|Any CPU
		{A840C371-F7C3-46C8-9206-EC02E1E623F4}.Release|Any CPU.ActiveCfg = Release|Any CPU
		{A840C371-F7C3-46C8-9206-EC02E1E623F4}.Release|Any CPU.Build.0 = Release|Any CPU
		{FE09C316-9375-4A2A-8C6C-41062093845E}.Debug|Any CPU.ActiveCfg = Debug|Any CPU
		{FE09C316-9375-4A2A-8C6C-41062093845E}.Debug|Any CPU.Build.0 = Debug|Any CPU
		{FE09C316-9375-4A2A-8C6C-41062093845E}.Release|Any CPU.ActiveCfg = Release|Any CPU
		{FE09C316-9375-4A2A-8C6C-41062093845E}.Release|Any CPU.Build.0 = Release|Any CPU
		{EFDCCC22-2EAE-4FC6-9849-D00A19A26B54}.Debug|Any CPU.ActiveCfg = Debug|Any CPU
		{EFDCCC22-2EAE-4FC6-9849-D00A19A26B54}.Debug|Any CPU.Build.0 = Debug|Any CPU
		{EFDCCC22-2EAE-4FC6-9849-D00A19A26B54}.Release|Any CPU.ActiveCfg = Release|Any CPU
		{EFDCCC22-2EAE-4FC6-9849-D00A19A26B54}.Release|Any CPU.Build.0 = Release|Any CPU
	EndGlobalSection
	GlobalSection(SolutionProperties) = preSolution
		HideSolutionNode = FALSE
	EndGlobalSection
EndGlobal
